{
  "name": "moduleb",
  "version": "1.0.0",
  "lockfileVersion": 2,
  "requires": true,
  "packages": {
    "": {
      "name": "moduleb",
      "version": "1.0.0",
      "license": "ISC",
      "dependencies": {
        "modulea": "github:SPxiaomin/moduleA"
      }
    },
    "node_modules/modulea": {
      "version": "1.0.0",
      "resolved": "git+ssh://git@github.com/SPxiaomin/moduleA.git#c4d01530c65bce0f261e4226727d3c6a00d9ad96",
      "license": "ISC"
    }
  },
  "dependencies": {
    "modulea": {
      "version": "git+ssh://git@github.com/SPxiaomin/moduleA.git#c4d01530c65bce0f261e4226727d3c6a00d9ad96",
      "from": "modulea@SPxiaomin/moduleA"
    }
  }
}
